
Microsoft Visual Studio Solution File, Format Version 12.00
# Visual Studio Version 17
VisualStudioVersion = 17.5.33530.505
MinimumVisualStudioVersion = 10.0.40219.1
Project("{FAE04EC0-301F-11D3-BF4B-00C04F79EFBC}") = "SavedRedditBuckets", "SavedRedditBuckets\SavedRedditBuckets.csproj", "{39535BFB-F0A7-4ED9-9C24-559CC27BD58B}"
EndProject
Project("{FAE04EC0-301F-11D3-BF4B-00C04F79EFBC}") = "RedditAccessor", "RedditAccessor\RedditAccessor.csproj", "{34DE43E2-A4E0-498F-B828-14D4A91513A1}"
EndProject
Global
	GlobalSection(SolutionConfigurationPlatforms) = preSolution
		Debug|Any CPU = Debug|Any CPU
		Release|Any CPU = Release|Any CPU
	EndGlobalSection
	GlobalSection(ProjectConfigurationPlatforms) = postSolution
		{39535BFB-F0A7-4ED9-9C24-559CC27BD58B}.Debug|Any CPU.ActiveCfg = Debug|Any CPU
		{39535BFB-F0A7-4ED9-9C24-559CC27BD58B}.Debug|Any CPU.Build.0 = Debug|Any CPU
		{39535BFB-F0A7-4ED9-9C24-559CC27BD58B}.Release|Any CPU.ActiveCfg = Release|Any CPU
		{39535BFB-F0A7-4ED9-9C24-559CC27BD58B}.Release|Any CPU.Build.0 = Release|Any CPU
		{34DE43E2-A4E0-498F-B828-14D4A91513A1}.Debug|Any CPU.ActiveCfg = Debug|Any CPU
		{34DE43E2-A4E0-498F-B828-14D4A91513A1}.Debug|Any CPU.Build.0 = Debug|Any CPU
		{34DE43E2-A4E0-498F-B828-14D4A91513A1}.Release|Any CPU.ActiveCfg = Release|Any CPU
		{34DE43E2-A4E0-498F-B828-14D4A91513A1}.Release|Any CPU.Build.0 = Release|Any CPU
	EndGlobalSection
	GlobalSection(SolutionProperties) = preSolution
		HideSolutionNode = FALSE
	EndGlobalSection
	GlobalSection(ExtensibilityGlobals) = postSolution
		SolutionGuid = {A52B883D-B7C1-4798-9E18-34A81BD5B427}
	EndGlobalSection
EndGlobal
